
Microsoft Visual Studio Solution File, Format Version 12.00
# Visual Studio 15
VisualStudioVersion = 15.0.26124.0
MinimumVisualStudioVersion = 15.0.26124.0
Project("{FAE04EC0-301F-11D3-BF4B-00C04F79EFBC}") = "GlobalBlue.Models", "GlobalBlue.Models\GlobalBlue.Models.csproj", "{065E3BD8-4771-4E38-967D-2A847313EF5D}"
EndProject
Project("{FAE04EC0-301F-11D3-BF4B-00C04F79EFBC}") = "GlobalBlue.Mvc", "GlobalBlue.Mvc\GlobalBlue.Mvc.csproj", "{9FEAA3A0-1FAF-4B12-87B5-EFFABA9D6EA9}"
EndProject
Project("{FAE04EC0-301F-11D3-BF4B-00C04F79EFBC}") = "GlobalBlue.Services", "GlobalBlue.Services\GlobalBlue.Services.csproj", "{9F4B7A58-31F7-4108-9B1C-6CEF0D0A8EF3}"
EndProject
Project("{FAE04EC0-301F-11D3-BF4B-00C04F79EFBC}") = "GlobalBlue.Data", "GlobalBlue.Data\GlobalBlue.Data.csproj", "{967DD0B8-00C6-4174-BE79-6253876E7E66}"
EndProject
Project("{FAE04EC0-301F-11D3-BF4B-00C04F79EFBC}") = "GlobalBlue.Tests", "GlobalBlue.Tests\GlobalBlue.Tests.csproj", "{44841A1E-D057-475D-B4D9-E5F08BAA3B63}"
EndProject
Global
	GlobalSection(SolutionConfigurationPlatforms) = preSolution
		Debug|Any CPU = Debug|Any CPU
		Debug|x64 = Debug|x64
		Debug|x86 = Debug|x86
		Release|Any CPU = Release|Any CPU
		Release|x64 = Release|x64
		Release|x86 = Release|x86
	EndGlobalSection
	GlobalSection(SolutionProperties) = preSolution
		HideSolutionNode = FALSE
	EndGlobalSection
	GlobalSection(ProjectConfigurationPlatforms) = postSolution
		{065E3BD8-4771-4E38-967D-2A847313EF5D}.Debug|Any CPU.ActiveCfg = Debug|Any CPU
		{065E3BD8-4771-4E38-967D-2A847313EF5D}.Debug|Any CPU.Build.0 = Debug|Any CPU
		{065E3BD8-4771-4E38-967D-2A847313EF5D}.Debug|x64.ActiveCfg = Debug|x64
		{065E3BD8-4771-4E38-967D-2A847313EF5D}.Debug|x64.Build.0 = Debug|x64
		{065E3BD8-4771-4E38-967D-2A847313EF5D}.Debug|x86.ActiveCfg = Debug|x86
		{065E3BD8-4771-4E38-967D-2A847313EF5D}.Debug|x86.Build.0 = Debug|x86
		{065E3BD8-4771-4E38-967D-2A847313EF5D}.Release|Any CPU.ActiveCfg = Release|Any CPU
		{065E3BD8-4771-4E38-967D-2A847313EF5D}.Release|Any CPU.Build.0 = Release|Any CPU
		{065E3BD8-4771-4E38-967D-2A847313EF5D}.Release|x64.ActiveCfg = Release|x64
		{065E3BD8-4771-4E38-967D-2A847313EF5D}.Release|x64.Build.0 = Release|x64
		{065E3BD8-4771-4E38-967D-2A847313EF5D}.Release|x86.ActiveCfg = Release|x86
		{065E3BD8-4771-4E38-967D-2A847313EF5D}.Release|x86.Build.0 = Release|x86
		{9FEAA3A0-1FAF-4B12-87B5-EFFABA9D6EA9}.Debug|Any CPU.ActiveCfg = Debug|Any CPU
		{9FEAA3A0-1FAF-4B12-87B5-EFFABA9D6EA9}.Debug|Any CPU.Build.0 = Debug|Any CPU
		{9FEAA3A0-1FAF-4B12-87B5-EFFABA9D6EA9}.Debug|x64.ActiveCfg = Debug|x64
		{9FEAA3A0-1FAF-4B12-87B5-EFFABA9D6EA9}.Debug|x64.Build.0 = Debug|x64
		{9FEAA3A0-1FAF-4B12-87B5-EFFABA9D6EA9}.Debug|x86.ActiveCfg = Debug|x86
		{9FEAA3A0-1FAF-4B12-87B5-EFFABA9D6EA9}.Debug|x86.Build.0 = Debug|x86
		{9FEAA3A0-1FAF-4B12-87B5-EFFABA9D6EA9}.Release|Any CPU.ActiveCfg = Release|Any CPU
		{9FEAA3A0-1FAF-4B12-87B5-EFFABA9D6EA9}.Release|Any CPU.Build.0 = Release|Any CPU
		{9FEAA3A0-1FAF-4B12-87B5-EFFABA9D6EA9}.Release|x64.ActiveCfg = Release|x64
		{9FEAA3A0-1FAF-4B12-87B5-EFFABA9D6EA9}.Release|x64.Build.0 = Release|x64
		{9FEAA3A0-1FAF-4B12-87B5-EFFABA9D6EA9}.Release|x86.ActiveCfg = Release|x86
		{9FEAA3A0-1FAF-4B12-87B5-EFFABA9D6EA9}.Release|x86.Build.0 = Release|x86
		{9F4B7A58-31F7-4108-9B1C-6CEF0D0A8EF3}.Debug|Any CPU.ActiveCfg = Debug|Any CPU
		{9F4B7A58-31F7-4108-9B1C-6CEF0D0A8EF3}.Debug|Any CPU.Build.0 = Debug|Any CPU
		{9F4B7A58-31F7-4108-9B1C-6CEF0D0A8EF3}.Debug|x64.ActiveCfg = Debug|x64
		{9F4B7A58-31F7-4108-9B1C-6CEF0D0A8EF3}.Debug|x64.Build.0 = Debug|x64
		{9F4B7A58-31F7-4108-9B1C-6CEF0D0A8EF3}.Debug|x86.ActiveCfg = Debug|x86
		{9F4B7A58-31F7-4108-9B1C-6CEF0D0A8EF3}.Debug|x86.Build.0 = Debug|x86
		{9F4B7A58-31F7-4108-9B1C-6CEF0D0A8EF3}.Release|Any CPU.ActiveCfg = Release|Any CPU
		{9F4B7A58-31F7-4108-9B1C-6CEF0D0A8EF3}.Release|Any CPU.Build.0 = Release|Any CPU
		{9F4B7A58-31F7-4108-9B1C-6CEF0D0A8EF3}.Release|x64.ActiveCfg = Release|x64
		{9F4B7A58-31F7-4108-9B1C-6CEF0D0A8EF3}.Release|x64.Build.0 = Release|x64
		{9F4B7A58-31F7-4108-9B1C-6CEF0D0A8EF3}.Release|x86.ActiveCfg = Release|x86
		{9F4B7A58-31F7-4108-9B1C-6CEF0D0A8EF3}.Release|x86.Build.0 = Release|x86
		{967DD0B8-00C6-4174-BE79-6253876E7E66}.Debug|Any CPU.ActiveCfg = Debug|Any CPU
		{967DD0B8-00C6-4174-BE79-6253876E7E66}.Debug|Any CPU.Build.0 = Debug|Any CPU
		{967DD0B8-00C6-4174-BE79-6253876E7E66}.Debug|x64.ActiveCfg = Debug|x64
		{967DD0B8-00C6-4174-BE79-6253876E7E66}.Debug|x64.Build.0 = Debug|x64
		{967DD0B8-00C6-4174-BE79-6253876E7E66}.Debug|x86.ActiveCfg = Debug|x86
		{967DD0B8-00C6-4174-BE79-6253876E7E66}.Debug|x86.Build.0 = Debug|x86
		{967DD0B8-00C6-4174-BE79-6253876E7E66}.Release|Any CPU.ActiveCfg = Release|Any CPU
		{967DD0B8-00C6-4174-BE79-6253876E7E66}.Release|Any CPU.Build.0 = Release|Any CPU
		{967DD0B8-00C6-4174-BE79-6253876E7E66}.Release|x64.ActiveCfg = Release|x64
		{967DD0B8-00C6-4174-BE79-6253876E7E66}.Release|x64.Build.0 = Release|x64
		{967DD0B8-00C6-4174-BE79-6253876E7E66}.Release|x86.ActiveCfg = Release|x86
		{967DD0B8-00C6-4174-BE79-6253876E7E66}.Release|x86.Build.0 = Release|x86
		{44841A1E-D057-475D-B4D9-E5F08BAA3B63}.Debug|Any CPU.ActiveCfg = Debug|Any CPU
		{44841A1E-D057-475D-B4D9-E5F08BAA3B63}.Debug|Any CPU.Build.0 = Debug|Any CPU
		{44841A1E-D057-475D-B4D9-E5F08BAA3B63}.Debug|x64.ActiveCfg = Debug|x64
		{44841A1E-D057-475D-B4D9-E5F08BAA3B63}.Debug|x64.Build.0 = Debug|x64
		{44841A1E-D057-475D-B4D9-E5F08BAA3B63}.Debug|x86.ActiveCfg = Debug|x86
		{44841A1E-D057-475D-B4D9-E5F08BAA3B63}.Debug|x86.Build.0 = Debug|x86
		{44841A1E-D057-475D-B4D9-E5F08BAA3B63}.Release|Any CPU.ActiveCfg = Release|Any CPU
		{44841A1E-D057-475D-B4D9-E5F08BAA3B63}.Release|Any CPU.Build.0 = Release|Any CPU
		{44841A1E-D057-475D-B4D9-E5F08BAA3B63}.Release|x64.ActiveCfg = Release|x64
		{44841A1E-D057-475D-B4D9-E5F08BAA3B63}.Release|x64.Build.0 = Release|x64
		{44841A1E-D057-475D-B4D9-E5F08BAA3B63}.Release|x86.ActiveCfg = Release|x86
		{44841A1E-D057-475D-B4D9-E5F08BAA3B63}.Release|x86.Build.0 = Release|x86
	EndGlobalSection
EndGlobal
